
Microsoft Visual Studio Solution File, Format Version 12.00
# Visual Studio Version 17
VisualStudioVersion = 17.5.33402.96
MinimumVisualStudioVersion = 10.0.40219.1
Project("{2150E333-8FDC-42A3-9474-1A3956D46DE8}") = "test", "test", "{C04322ED-C8BE-4022-8917-82543915731B}"
EndProject
Project("{9A19103F-16F7-4668-BE54-9A1E7A4F7556}") = "UnitTests", "test\UnitTests\UnitTests.csproj", "{DA9621B5-A23E-439F-87DF-A5B99E0F5140}"
EndProject
Project("{2150E333-8FDC-42A3-9474-1A3956D46DE8}") = "src", "src", "{2B55454C-E84F-45B8-A38A-7B3842FCD6AE}"
EndProject
Project("{2150E333-8FDC-42A3-9474-1A3956D46DE8}") = "Services", "Services", "{125EECA8-DD0C-4A9B-B7B2-747B19DFC1AC}"
EndProject
Project("{2150E333-8FDC-42A3-9474-1A3956D46DE8}") = "KidsToyHive", "KidsToyHive", "{D798B8DE-CA67-4ABF-A9EA-E5687ECDF00F}"
EndProject
Project("{9A19103F-16F7-4668-BE54-9A1E7A4F7556}") = "KidsToyHive.Api", "src\Services\KidsToyHive\KidsToyHive.Api\KidsToyHive.Api.csproj", "{F2B4BA63-1320-4F26-BC27-0A6E33909178}"
EndProject
Project("{9A19103F-16F7-4668-BE54-9A1E7A4F7556}") = "KidsToyHive.Core", "src\Services\KidsToyHive\KidsToyHive.Core\KidsToyHive.Core.csproj", "{A4A1AD85-5997-4AB9-AE6F-3951FFB3A1BC}"
EndProject
Project("{9A19103F-16F7-4668-BE54-9A1E7A4F7556}") = "KidsToyHive.Infrastructure", "src\Services\KidsToyHive\KidsToyHive.Infrastructure\KidsToyHive.Infrastructure.csproj", "{7CA0F7C8-C26B-46FE-ADC8-BEDDE3BA0DD1}"
EndProject
Global
	GlobalSection(SolutionConfigurationPlatforms) = preSolution
		Debug|Any CPU = Debug|Any CPU
		Release|Any CPU = Release|Any CPU
	EndGlobalSection
	GlobalSection(ProjectConfigurationPlatforms) = postSolution
		{DA9621B5-A23E-439F-87DF-A5B99E0F5140}.Debug|Any CPU.ActiveCfg = Debug|Any CPU
		{DA9621B5-A23E-439F-87DF-A5B99E0F5140}.Debug|Any CPU.Build.0 = Debug|Any CPU
		{DA9621B5-A23E-439F-87DF-A5B99E0F5140}.Release|Any CPU.ActiveCfg = Release|Any CPU
		{DA9621B5-A23E-439F-87DF-A5B99E0F5140}.Release|Any CPU.Build.0 = Release|Any CPU
		{F2B4BA63-1320-4F26-BC27-0A6E33909178}.Debug|Any CPU.ActiveCfg = Debug|Any CPU
		{F2B4BA63-1320-4F26-BC27-0A6E33909178}.Debug|Any CPU.Build.0 = Debug|Any CPU
		{F2B4BA63-1320-4F26-BC27-0A6E33909178}.Release|Any CPU.ActiveCfg = Release|Any CPU
		{F2B4BA63-1320-4F26-BC27-0A6E33909178}.Release|Any CPU.Build.0 = Release|Any CPU
		{A4A1AD85-5997-4AB9-AE6F-3951FFB3A1BC}.Debug|Any CPU.ActiveCfg = Debug|Any CPU
		{A4A1AD85-5997-4AB9-AE6F-3951FFB3A1BC}.Debug|Any CPU.Build.0 = Debug|Any CPU
		{A4A1AD85-5997-4AB9-AE6F-3951FFB3A1BC}.Release|Any CPU.ActiveCfg = Release|Any CPU
		{A4A1AD85-5997-4AB9-AE6F-3951FFB3A1BC}.Release|Any CPU.Build.0 = Release|Any CPU
		{7CA0F7C8-C26B-46FE-ADC8-BEDDE3BA0DD1}.Debug|Any CPU.ActiveCfg = Debug|Any CPU
		{7CA0F7C8-C26B-46FE-ADC8-BEDDE3BA0DD1}.Debug|Any CPU.Build.0 = Debug|Any CPU
		{7CA0F7C8-C26B-46FE-ADC8-BEDDE3BA0DD1}.Release|Any CPU.ActiveCfg = Release|Any CPU
		{7CA0F7C8-C26B-46FE-ADC8-BEDDE3BA0DD1}.Release|Any CPU.Build.0 = Release|Any CPU
	EndGlobalSection
	GlobalSection(SolutionProperties) = preSolution
		HideSolutionNode = FALSE
	EndGlobalSection
	GlobalSection(NestedProjects) = preSolution
		{DA9621B5-A23E-439F-87DF-A5B99E0F5140} = {C04322ED-C8BE-4022-8917-82543915731B}
		{125EECA8-DD0C-4A9B-B7B2-747B19DFC1AC} = {2B55454C-E84F-45B8-A38A-7B3842FCD6AE}
		{D798B8DE-CA67-4ABF-A9EA-E5687ECDF00F} = {125EECA8-DD0C-4A9B-B7B2-747B19DFC1AC}
		{F2B4BA63-1320-4F26-BC27-0A6E33909178} = {D798B8DE-CA67-4ABF-A9EA-E5687ECDF00F}
		{A4A1AD85-5997-4AB9-AE6F-3951FFB3A1BC} = {D798B8DE-CA67-4ABF-A9EA-E5687ECDF00F}
		{7CA0F7C8-C26B-46FE-ADC8-BEDDE3BA0DD1} = {D798B8DE-CA67-4ABF-A9EA-E5687ECDF00F}
	EndGlobalSection
	GlobalSection(ExtensibilityGlobals) = postSolution
		SolutionGuid = {16439BF2-D1DD-4CEB-8149-4C8012639495}
	EndGlobalSection
EndGlobal
