
Microsoft Visual Studio Solution File, Format Version 12.00
# Visual Studio 15
VisualStudioVersion = 15.0.27428.2027
MinimumVisualStudioVersion = 10.0.40219.1
Project("{2150E333-8FDC-42A3-9474-1A3956D46DE8}") = "services", "services", "{47C9C1CF-9DAA-4D9E-BD01-041A939D2A46}"
EndProject
Project("{2150E333-8FDC-42A3-9474-1A3956D46DE8}") = "shared", "shared", "{3A163A80-6BA3-4B11-8190-34935DC5BBDD}"
EndProject
Project("{2150E333-8FDC-42A3-9474-1A3956D46DE8}") = "test", "test", "{05AE04CB-FC3E-49E5-9AAB-C960D61CFEAA}"
EndProject
Project("{9A19103F-16F7-4668-BE54-9A1E7A4F7556}") = "IntegrationTests", "test\IntegrationTests\IntegrationTests.csproj", "{444F29EE-557F-4EDD-85C4-62317F9EB376}"
EndProject
Project("{9A19103F-16F7-4668-BE54-9A1E7A4F7556}") = "TestUtilities", "test\TestUtilities\TestUtilities.csproj", "{DD5FB872-29D2-4F86-AA50-07E12DED4CD9}"
EndProject
Project("{9A19103F-16F7-4668-BE54-9A1E7A4F7556}") = "UnitTests", "test\UnitTests\UnitTests.csproj", "{E0D8DA93-711C-43F7-995B-BBD97F4F410F}"
EndProject
Project("{9A19103F-16F7-4668-BE54-9A1E7A4F7556}") = "ChatService", "src\services\ChatService\ChatService.csproj", "{64855611-4D54-410F-A245-1AFF561FA17D}"
EndProject
Project("{9A19103F-16F7-4668-BE54-9A1E7A4F7556}") = "DigitalAssetService", "src\services\DigitalAssetService\DigitalAssetService.csproj", "{C5D0C892-4306-462C-97BD-3AF13A8756CF}"
EndProject
Project("{9A19103F-16F7-4668-BE54-9A1E7A4F7556}") = "IdentityService", "src\services\IdentityService\IdentityService.csproj", "{BA412506-3797-43FF-9869-46AB0B313290}"
EndProject
Project("{9A19103F-16F7-4668-BE54-9A1E7A4F7556}") = "Core", "src\common\Core\Core.csproj", "{E7A2A849-AAE4-418B-8890-2557484DD266}"
EndProject
Project("{9A19103F-16F7-4668-BE54-9A1E7A4F7556}") = "Infrastructure", "src\common\Infrastructure\Infrastructure.csproj", "{8B3A45F7-6B2E-40C0-8C7B-789315FB7A05}"
EndProject
Project("{2150E333-8FDC-42A3-9474-1A3956D46DE8}") = "ui", "ui", "{C1F163A7-088C-45E2-AF1C-FDB31B84FC07}"
EndProject
Project("{9A19103F-16F7-4668-BE54-9A1E7A4F7556}") = "ContactService", "src\services\ContactService\ContactService.csproj", "{016C81A2-16BF-44F4-9CE6-9E514228B0C7}"
EndProject
Project("{9A19103F-16F7-4668-BE54-9A1E7A4F7556}") = "ContentService", "src\services\ContentService\ContentService.csproj", "{E665D656-F8FE-436A-BE93-0834FE987B6C}"
EndProject
Project("{9A19103F-16F7-4668-BE54-9A1E7A4F7556}") = "PaymentService", "src\services\PaymentService\PaymentService.csproj", "{25BCDC90-3673-4AD2-9A49-4183CE4E0E4E}"
EndProject
Project("{9A19103F-16F7-4668-BE54-9A1E7A4F7556}") = "ProductService", "src\services\ProductService\ProductService.csproj", "{09E4CCBA-B3EC-4BB9-BB2A-7E1FC3298772}"
EndProject
Project("{9A19103F-16F7-4668-BE54-9A1E7A4F7556}") = "ShoppingCartService", "src\services\ShoppingCartService\ShoppingCartService.csproj", "{75015F8A-A3FF-4741-8946-F19A0DF858A6}"
EndProject
Project("{9A19103F-16F7-4668-BE54-9A1E7A4F7556}") = "SubscriptionService", "src\services\SubscriptionService\SubscriptionService.csproj", "{D1CE3507-EE6C-4C6E-A55C-57D5F55E0FAD}"
EndProject
Project("{9A19103F-16F7-4668-BE54-9A1E7A4F7556}") = "KidsToyHive.Admin.SPA", "src\ui\KidsToyHive.Admin.SPA\KidsToyHive.Admin.SPA.csproj", "{2E5FBFAA-07A6-4450-894D-A631EF7B47B5}"
EndProject
Project("{9A19103F-16F7-4668-BE54-9A1E7A4F7556}") = "DashboardService", "src\services\DashboardService\DashboardService.csproj", "{C9CAC8A6-F53F-40AD-88D1-002939C7DFD7}"
EndProject
Project("{9A19103F-16F7-4668-BE54-9A1E7A4F7556}") = "AccountService", "src\services\AccountService\AccountService.csproj", "{22E86310-E88D-4099-B4F6-B9B44FD09C12}"
EndProject
Project("{9A19103F-16F7-4668-BE54-9A1E7A4F7556}") = "TenantService", "src\services\TenantService\TenantService.csproj", "{6F8588B9-3486-4B65-BE36-CF923784ECFE}"
EndProject
Project("{9A19103F-16F7-4668-BE54-9A1E7A4F7556}") = "KidsToyHive.SPA", "src\ui\KidsToyHive.SPA\KidsToyHive.SPA.csproj", "{D2459F5A-4E72-4577-A730-5C9121EB2D43}"
EndProject
Global
	GlobalSection(SolutionConfigurationPlatforms) = preSolution
		Debug|Any CPU = Debug|Any CPU
		Release|Any CPU = Release|Any CPU
	EndGlobalSection
	GlobalSection(ProjectConfigurationPlatforms) = postSolution
		{444F29EE-557F-4EDD-85C4-62317F9EB376}.Debug|Any CPU.ActiveCfg = Debug|Any CPU
		{444F29EE-557F-4EDD-85C4-62317F9EB376}.Debug|Any CPU.Build.0 = Debug|Any CPU
		{444F29EE-557F-4EDD-85C4-62317F9EB376}.Release|Any CPU.ActiveCfg = Release|Any CPU
		{444F29EE-557F-4EDD-85C4-62317F9EB376}.Release|Any CPU.Build.0 = Release|Any CPU
		{DD5FB872-29D2-4F86-AA50-07E12DED4CD9}.Debug|Any CPU.ActiveCfg = Debug|Any CPU
		{DD5FB872-29D2-4F86-AA50-07E12DED4CD9}.Debug|Any CPU.Build.0 = Debug|Any CPU
		{DD5FB872-29D2-4F86-AA50-07E12DED4CD9}.Release|Any CPU.ActiveCfg = Release|Any CPU
		{DD5FB872-29D2-4F86-AA50-07E12DED4CD9}.Release|Any CPU.Build.0 = Release|Any CPU
		{E0D8DA93-711C-43F7-995B-BBD97F4F410F}.Debug|Any CPU.ActiveCfg = Debug|Any CPU
		{E0D8DA93-711C-43F7-995B-BBD97F4F410F}.Debug|Any CPU.Build.0 = Debug|Any CPU
		{E0D8DA93-711C-43F7-995B-BBD97F4F410F}.Release|Any CPU.ActiveCfg = Release|Any CPU
		{E0D8DA93-711C-43F7-995B-BBD97F4F410F}.Release|Any CPU.Build.0 = Release|Any CPU
		{64855611-4D54-410F-A245-1AFF561FA17D}.Debug|Any CPU.ActiveCfg = Debug|Any CPU
		{64855611-4D54-410F-A245-1AFF561FA17D}.Debug|Any CPU.Build.0 = Debug|Any CPU
		{64855611-4D54-410F-A245-1AFF561FA17D}.Release|Any CPU.ActiveCfg = Release|Any CPU
		{64855611-4D54-410F-A245-1AFF561FA17D}.Release|Any CPU.Build.0 = Release|Any CPU
		{C5D0C892-4306-462C-97BD-3AF13A8756CF}.Debug|Any CPU.ActiveCfg = Debug|Any CPU
		{C5D0C892-4306-462C-97BD-3AF13A8756CF}.Debug|Any CPU.Build.0 = Debug|Any CPU
		{C5D0C892-4306-462C-97BD-3AF13A8756CF}.Release|Any CPU.ActiveCfg = Release|Any CPU
		{C5D0C892-4306-462C-97BD-3AF13A8756CF}.Release|Any CPU.Build.0 = Release|Any CPU
		{BA412506-3797-43FF-9869-46AB0B313290}.Debug|Any CPU.ActiveCfg = Debug|Any CPU
		{BA412506-3797-43FF-9869-46AB0B313290}.Debug|Any CPU.Build.0 = Debug|Any CPU
		{BA412506-3797-43FF-9869-46AB0B313290}.Release|Any CPU.ActiveCfg = Release|Any CPU
		{BA412506-3797-43FF-9869-46AB0B313290}.Release|Any CPU.Build.0 = Release|Any CPU
		{E7A2A849-AAE4-418B-8890-2557484DD266}.Debug|Any CPU.ActiveCfg = Debug|Any CPU
		{E7A2A849-AAE4-418B-8890-2557484DD266}.Debug|Any CPU.Build.0 = Debug|Any CPU
		{E7A2A849-AAE4-418B-8890-2557484DD266}.Release|Any CPU.ActiveCfg = Release|Any CPU
		{E7A2A849-AAE4-418B-8890-2557484DD266}.Release|Any CPU.Build.0 = Release|Any CPU
		{8B3A45F7-6B2E-40C0-8C7B-789315FB7A05}.Debug|Any CPU.ActiveCfg = Debug|Any CPU
		{8B3A45F7-6B2E-40C0-8C7B-789315FB7A05}.Debug|Any CPU.Build.0 = Debug|Any CPU
		{8B3A45F7-6B2E-40C0-8C7B-789315FB7A05}.Release|Any CPU.ActiveCfg = Release|Any CPU
		{8B3A45F7-6B2E-40C0-8C7B-789315FB7A05}.Release|Any CPU.Build.0 = Release|Any CPU
		{016C81A2-16BF-44F4-9CE6-9E514228B0C7}.Debug|Any CPU.ActiveCfg = Debug|Any CPU
		{016C81A2-16BF-44F4-9CE6-9E514228B0C7}.Debug|Any CPU.Build.0 = Debug|Any CPU
		{016C81A2-16BF-44F4-9CE6-9E514228B0C7}.Release|Any CPU.ActiveCfg = Release|Any CPU
		{016C81A2-16BF-44F4-9CE6-9E514228B0C7}.Release|Any CPU.Build.0 = Release|Any CPU
		{E665D656-F8FE-436A-BE93-0834FE987B6C}.Debug|Any CPU.ActiveCfg = Debug|Any CPU
		{E665D656-F8FE-436A-BE93-0834FE987B6C}.Debug|Any CPU.Build.0 = Debug|Any CPU
		{E665D656-F8FE-436A-BE93-0834FE987B6C}.Release|Any CPU.ActiveCfg = Release|Any CPU
		{E665D656-F8FE-436A-BE93-0834FE987B6C}.Release|Any CPU.Build.0 = Release|Any CPU
		{25BCDC90-3673-4AD2-9A49-4183CE4E0E4E}.Debug|Any CPU.ActiveCfg = Debug|Any CPU
		{25BCDC90-3673-4AD2-9A49-4183CE4E0E4E}.Debug|Any CPU.Build.0 = Debug|Any CPU
		{25BCDC90-3673-4AD2-9A49-4183CE4E0E4E}.Release|Any CPU.ActiveCfg = Release|Any CPU
		{25BCDC90-3673-4AD2-9A49-4183CE4E0E4E}.Release|Any CPU.Build.0 = Release|Any CPU
		{09E4CCBA-B3EC-4BB9-BB2A-7E1FC3298772}.Debug|Any CPU.ActiveCfg = Debug|Any CPU
		{09E4CCBA-B3EC-4BB9-BB2A-7E1FC3298772}.Debug|Any CPU.Build.0 = Debug|Any CPU
		{09E4CCBA-B3EC-4BB9-BB2A-7E1FC3298772}.Release|Any CPU.ActiveCfg = Release|Any CPU
		{09E4CCBA-B3EC-4BB9-BB2A-7E1FC3298772}.Release|Any CPU.Build.0 = Release|Any CPU
		{75015F8A-A3FF-4741-8946-F19A0DF858A6}.Debug|Any CPU.ActiveCfg = Debug|Any CPU
		{75015F8A-A3FF-4741-8946-F19A0DF858A6}.Debug|Any CPU.Build.0 = Debug|Any CPU
		{75015F8A-A3FF-4741-8946-F19A0DF858A6}.Release|Any CPU.ActiveCfg = Release|Any CPU
		{75015F8A-A3FF-4741-8946-F19A0DF858A6}.Release|Any CPU.Build.0 = Release|Any CPU
		{D1CE3507-EE6C-4C6E-A55C-57D5F55E0FAD}.Debug|Any CPU.ActiveCfg = Debug|Any CPU
		{D1CE3507-EE6C-4C6E-A55C-57D5F55E0FAD}.Debug|Any CPU.Build.0 = Debug|Any CPU
		{D1CE3507-EE6C-4C6E-A55C-57D5F55E0FAD}.Release|Any CPU.ActiveCfg = Release|Any CPU
		{D1CE3507-EE6C-4C6E-A55C-57D5F55E0FAD}.Release|Any CPU.Build.0 = Release|Any CPU
		{2E5FBFAA-07A6-4450-894D-A631EF7B47B5}.Debug|Any CPU.ActiveCfg = Debug|Any CPU
		{2E5FBFAA-07A6-4450-894D-A631EF7B47B5}.Debug|Any CPU.Build.0 = Debug|Any CPU
		{2E5FBFAA-07A6-4450-894D-A631EF7B47B5}.Release|Any CPU.ActiveCfg = Release|Any CPU
		{2E5FBFAA-07A6-4450-894D-A631EF7B47B5}.Release|Any CPU.Build.0 = Release|Any CPU
		{C9CAC8A6-F53F-40AD-88D1-002939C7DFD7}.Debug|Any CPU.ActiveCfg = Debug|Any CPU
		{C9CAC8A6-F53F-40AD-88D1-002939C7DFD7}.Debug|Any CPU.Build.0 = Debug|Any CPU
		{C9CAC8A6-F53F-40AD-88D1-002939C7DFD7}.Release|Any CPU.ActiveCfg = Release|Any CPU
		{C9CAC8A6-F53F-40AD-88D1-002939C7DFD7}.Release|Any CPU.Build.0 = Release|Any CPU
		{22E86310-E88D-4099-B4F6-B9B44FD09C12}.Debug|Any CPU.ActiveCfg = Debug|Any CPU
		{22E86310-E88D-4099-B4F6-B9B44FD09C12}.Debug|Any CPU.Build.0 = Debug|Any CPU
		{22E86310-E88D-4099-B4F6-B9B44FD09C12}.Release|Any CPU.ActiveCfg = Release|Any CPU
		{22E86310-E88D-4099-B4F6-B9B44FD09C12}.Release|Any CPU.Build.0 = Release|Any CPU
		{6F8588B9-3486-4B65-BE36-CF923784ECFE}.Debug|Any CPU.ActiveCfg = Debug|Any CPU
		{6F8588B9-3486-4B65-BE36-CF923784ECFE}.Debug|Any CPU.Build.0 = Debug|Any CPU
		{6F8588B9-3486-4B65-BE36-CF923784ECFE}.Release|Any CPU.ActiveCfg = Release|Any CPU
		{6F8588B9-3486-4B65-BE36-CF923784ECFE}.Release|Any CPU.Build.0 = Release|Any CPU
		{D2459F5A-4E72-4577-A730-5C9121EB2D43}.Debug|Any CPU.ActiveCfg = Debug|Any CPU
		{D2459F5A-4E72-4577-A730-5C9121EB2D43}.Debug|Any CPU.Build.0 = Debug|Any CPU
		{D2459F5A-4E72-4577-A730-5C9121EB2D43}.Release|Any CPU.ActiveCfg = Release|Any CPU
		{D2459F5A-4E72-4577-A730-5C9121EB2D43}.Release|Any CPU.Build.0 = Release|Any CPU
	EndGlobalSection
	GlobalSection(SolutionProperties) = preSolution
		HideSolutionNode = FALSE
	EndGlobalSection
	GlobalSection(NestedProjects) = preSolution
		{444F29EE-557F-4EDD-85C4-62317F9EB376} = {05AE04CB-FC3E-49E5-9AAB-C960D61CFEAA}
		{DD5FB872-29D2-4F86-AA50-07E12DED4CD9} = {05AE04CB-FC3E-49E5-9AAB-C960D61CFEAA}
		{E0D8DA93-711C-43F7-995B-BBD97F4F410F} = {05AE04CB-FC3E-49E5-9AAB-C960D61CFEAA}
		{64855611-4D54-410F-A245-1AFF561FA17D} = {47C9C1CF-9DAA-4D9E-BD01-041A939D2A46}
		{C5D0C892-4306-462C-97BD-3AF13A8756CF} = {47C9C1CF-9DAA-4D9E-BD01-041A939D2A46}
		{BA412506-3797-43FF-9869-46AB0B313290} = {47C9C1CF-9DAA-4D9E-BD01-041A939D2A46}
		{E7A2A849-AAE4-418B-8890-2557484DD266} = {3A163A80-6BA3-4B11-8190-34935DC5BBDD}
		{8B3A45F7-6B2E-40C0-8C7B-789315FB7A05} = {3A163A80-6BA3-4B11-8190-34935DC5BBDD}
		{016C81A2-16BF-44F4-9CE6-9E514228B0C7} = {47C9C1CF-9DAA-4D9E-BD01-041A939D2A46}
		{E665D656-F8FE-436A-BE93-0834FE987B6C} = {47C9C1CF-9DAA-4D9E-BD01-041A939D2A46}
		{25BCDC90-3673-4AD2-9A49-4183CE4E0E4E} = {47C9C1CF-9DAA-4D9E-BD01-041A939D2A46}
		{09E4CCBA-B3EC-4BB9-BB2A-7E1FC3298772} = {47C9C1CF-9DAA-4D9E-BD01-041A939D2A46}
		{75015F8A-A3FF-4741-8946-F19A0DF858A6} = {47C9C1CF-9DAA-4D9E-BD01-041A939D2A46}
		{D1CE3507-EE6C-4C6E-A55C-57D5F55E0FAD} = {47C9C1CF-9DAA-4D9E-BD01-041A939D2A46}
		{2E5FBFAA-07A6-4450-894D-A631EF7B47B5} = {C1F163A7-088C-45E2-AF1C-FDB31B84FC07}
		{C9CAC8A6-F53F-40AD-88D1-002939C7DFD7} = {47C9C1CF-9DAA-4D9E-BD01-041A939D2A46}
		{22E86310-E88D-4099-B4F6-B9B44FD09C12} = {47C9C1CF-9DAA-4D9E-BD01-041A939D2A46}
		{6F8588B9-3486-4B65-BE36-CF923784ECFE} = {47C9C1CF-9DAA-4D9E-BD01-041A939D2A46}
		{D2459F5A-4E72-4577-A730-5C9121EB2D43} = {C1F163A7-088C-45E2-AF1C-FDB31B84FC07}
	EndGlobalSection
	GlobalSection(ExtensibilityGlobals) = postSolution
		SolutionGuid = {CAAAD23E-AFDE-47AE-BBBB-57CC8CB081F0}
	EndGlobalSection
EndGlobal
