
Microsoft Visual Studio Solution File, Format Version 12.00
# Visual Studio 15
VisualStudioVersion = 15.0.26124.0
MinimumVisualStudioVersion = 15.0.26124.0
Project("{2150E333-8FDC-42A3-9474-1A3956D46DE8}") = "src", "src", "{191D2EDB-E704-4296-AD28-63FA13373903}"
EndProject
Project("{FAE04EC0-301F-11D3-BF4B-00C04F79EFBC}") = "KidsToyHive.Core", "src\KidsToyHive.Core\KidsToyHive.Core.csproj", "{57D1611D-10D1-4C27-BDAC-300D86075994}"
EndProject
Project("{FAE04EC0-301F-11D3-BF4B-00C04F79EFBC}") = "KidsToyHive.Infrastructure", "src\KidsToyHive.Infrastructure\KidsToyHive.Infrastructure.csproj", "{A77FF271-93FC-421A-9542-943BE02AFC6D}"
EndProject
Project("{FAE04EC0-301F-11D3-BF4B-00C04F79EFBC}") = "KidsToyHive.API", "src\KidsToyHive.API\KidsToyHive.API.csproj", "{92889CFB-BBA1-4984-886A-501F34C66ABF}"
EndProject
Project("{FAE04EC0-301F-11D3-BF4B-00C04F79EFBC}") = "KidsToyHive.SPA", "src\KidsToyHive.SPA\KidsToyHive.SPA.csproj", "{EA901A43-A2AD-4905-A380-B43C08901747}"
EndProject
Project("{2150E333-8FDC-42A3-9474-1A3956D46DE8}") = "test", "test", "{BD09FF6F-EABE-4844-AF61-3B01F89A62ED}"
EndProject
Project("{FAE04EC0-301F-11D3-BF4B-00C04F79EFBC}") = "IntegrationTests", "test\IntegrationTests\IntegrationTests.csproj", "{122CDF2D-8399-43C2-A64D-780DCFC3BD30}"
EndProject
Project("{FAE04EC0-301F-11D3-BF4B-00C04F79EFBC}") = "UnitTests", "test\UnitTests\UnitTests.csproj", "{5EFF2DF4-131F-4137-ADEA-AECC75A49E29}"
EndProject
Global
	GlobalSection(SolutionConfigurationPlatforms) = preSolution
		Debug|Any CPU = Debug|Any CPU
		Debug|x64 = Debug|x64
		Debug|x86 = Debug|x86
		Release|Any CPU = Release|Any CPU
		Release|x64 = Release|x64
		Release|x86 = Release|x86
	EndGlobalSection
	GlobalSection(SolutionProperties) = preSolution
		HideSolutionNode = FALSE
	EndGlobalSection
	GlobalSection(ProjectConfigurationPlatforms) = postSolution
		{57D1611D-10D1-4C27-BDAC-300D86075994}.Debug|Any CPU.ActiveCfg = Debug|Any CPU
		{57D1611D-10D1-4C27-BDAC-300D86075994}.Debug|Any CPU.Build.0 = Debug|Any CPU
		{57D1611D-10D1-4C27-BDAC-300D86075994}.Debug|x64.ActiveCfg = Debug|Any CPU
		{57D1611D-10D1-4C27-BDAC-300D86075994}.Debug|x64.Build.0 = Debug|Any CPU
		{57D1611D-10D1-4C27-BDAC-300D86075994}.Debug|x86.ActiveCfg = Debug|Any CPU
		{57D1611D-10D1-4C27-BDAC-300D86075994}.Debug|x86.Build.0 = Debug|Any CPU
		{57D1611D-10D1-4C27-BDAC-300D86075994}.Release|Any CPU.ActiveCfg = Release|Any CPU
		{57D1611D-10D1-4C27-BDAC-300D86075994}.Release|Any CPU.Build.0 = Release|Any CPU
		{57D1611D-10D1-4C27-BDAC-300D86075994}.Release|x64.ActiveCfg = Release|Any CPU
		{57D1611D-10D1-4C27-BDAC-300D86075994}.Release|x64.Build.0 = Release|Any CPU
		{57D1611D-10D1-4C27-BDAC-300D86075994}.Release|x86.ActiveCfg = Release|Any CPU
		{57D1611D-10D1-4C27-BDAC-300D86075994}.Release|x86.Build.0 = Release|Any CPU
		{A77FF271-93FC-421A-9542-943BE02AFC6D}.Debug|Any CPU.ActiveCfg = Debug|Any CPU
		{A77FF271-93FC-421A-9542-943BE02AFC6D}.Debug|Any CPU.Build.0 = Debug|Any CPU
		{A77FF271-93FC-421A-9542-943BE02AFC6D}.Debug|x64.ActiveCfg = Debug|Any CPU
		{A77FF271-93FC-421A-9542-943BE02AFC6D}.Debug|x64.Build.0 = Debug|Any CPU
		{A77FF271-93FC-421A-9542-943BE02AFC6D}.Debug|x86.ActiveCfg = Debug|Any CPU
		{A77FF271-93FC-421A-9542-943BE02AFC6D}.Debug|x86.Build.0 = Debug|Any CPU
		{A77FF271-93FC-421A-9542-943BE02AFC6D}.Release|Any CPU.ActiveCfg = Release|Any CPU
		{A77FF271-93FC-421A-9542-943BE02AFC6D}.Release|Any CPU.Build.0 = Release|Any CPU
		{A77FF271-93FC-421A-9542-943BE02AFC6D}.Release|x64.ActiveCfg = Release|Any CPU
		{A77FF271-93FC-421A-9542-943BE02AFC6D}.Release|x64.Build.0 = Release|Any CPU
		{A77FF271-93FC-421A-9542-943BE02AFC6D}.Release|x86.ActiveCfg = Release|Any CPU
		{A77FF271-93FC-421A-9542-943BE02AFC6D}.Release|x86.Build.0 = Release|Any CPU
		{92889CFB-BBA1-4984-886A-501F34C66ABF}.Debug|Any CPU.ActiveCfg = Debug|Any CPU
		{92889CFB-BBA1-4984-886A-501F34C66ABF}.Debug|Any CPU.Build.0 = Debug|Any CPU
		{92889CFB-BBA1-4984-886A-501F34C66ABF}.Debug|x64.ActiveCfg = Debug|Any CPU
		{92889CFB-BBA1-4984-886A-501F34C66ABF}.Debug|x64.Build.0 = Debug|Any CPU
		{92889CFB-BBA1-4984-886A-501F34C66ABF}.Debug|x86.ActiveCfg = Debug|Any CPU
		{92889CFB-BBA1-4984-886A-501F34C66ABF}.Debug|x86.Build.0 = Debug|Any CPU
		{92889CFB-BBA1-4984-886A-501F34C66ABF}.Release|Any CPU.ActiveCfg = Release|Any CPU
		{92889CFB-BBA1-4984-886A-501F34C66ABF}.Release|Any CPU.Build.0 = Release|Any CPU
		{92889CFB-BBA1-4984-886A-501F34C66ABF}.Release|x64.ActiveCfg = Release|Any CPU
		{92889CFB-BBA1-4984-886A-501F34C66ABF}.Release|x64.Build.0 = Release|Any CPU
		{92889CFB-BBA1-4984-886A-501F34C66ABF}.Release|x86.ActiveCfg = Release|Any CPU
		{92889CFB-BBA1-4984-886A-501F34C66ABF}.Release|x86.Build.0 = Release|Any CPU
		{EA901A43-A2AD-4905-A380-B43C08901747}.Debug|Any CPU.ActiveCfg = Debug|Any CPU
		{EA901A43-A2AD-4905-A380-B43C08901747}.Debug|Any CPU.Build.0 = Debug|Any CPU
		{EA901A43-A2AD-4905-A380-B43C08901747}.Debug|x64.ActiveCfg = Debug|Any CPU
		{EA901A43-A2AD-4905-A380-B43C08901747}.Debug|x64.Build.0 = Debug|Any CPU
		{EA901A43-A2AD-4905-A380-B43C08901747}.Debug|x86.ActiveCfg = Debug|Any CPU
		{EA901A43-A2AD-4905-A380-B43C08901747}.Debug|x86.Build.0 = Debug|Any CPU
		{EA901A43-A2AD-4905-A380-B43C08901747}.Release|Any CPU.ActiveCfg = Release|Any CPU
		{EA901A43-A2AD-4905-A380-B43C08901747}.Release|Any CPU.Build.0 = Release|Any CPU
		{EA901A43-A2AD-4905-A380-B43C08901747}.Release|x64.ActiveCfg = Release|Any CPU
		{EA901A43-A2AD-4905-A380-B43C08901747}.Release|x64.Build.0 = Release|Any CPU
		{EA901A43-A2AD-4905-A380-B43C08901747}.Release|x86.ActiveCfg = Release|Any CPU
		{EA901A43-A2AD-4905-A380-B43C08901747}.Release|x86.Build.0 = Release|Any CPU
		{122CDF2D-8399-43C2-A64D-780DCFC3BD30}.Debug|Any CPU.ActiveCfg = Debug|Any CPU
		{122CDF2D-8399-43C2-A64D-780DCFC3BD30}.Debug|Any CPU.Build.0 = Debug|Any CPU
		{122CDF2D-8399-43C2-A64D-780DCFC3BD30}.Debug|x64.ActiveCfg = Debug|Any CPU
		{122CDF2D-8399-43C2-A64D-780DCFC3BD30}.Debug|x64.Build.0 = Debug|Any CPU
		{122CDF2D-8399-43C2-A64D-780DCFC3BD30}.Debug|x86.ActiveCfg = Debug|Any CPU
		{122CDF2D-8399-43C2-A64D-780DCFC3BD30}.Debug|x86.Build.0 = Debug|Any CPU
		{122CDF2D-8399-43C2-A64D-780DCFC3BD30}.Release|Any CPU.ActiveCfg = Release|Any CPU
		{122CDF2D-8399-43C2-A64D-780DCFC3BD30}.Release|Any CPU.Build.0 = Release|Any CPU
		{122CDF2D-8399-43C2-A64D-780DCFC3BD30}.Release|x64.ActiveCfg = Release|Any CPU
		{122CDF2D-8399-43C2-A64D-780DCFC3BD30}.Release|x64.Build.0 = Release|Any CPU
		{122CDF2D-8399-43C2-A64D-780DCFC3BD30}.Release|x86.ActiveCfg = Release|Any CPU
		{122CDF2D-8399-43C2-A64D-780DCFC3BD30}.Release|x86.Build.0 = Release|Any CPU
		{5EFF2DF4-131F-4137-ADEA-AECC75A49E29}.Debug|Any CPU.ActiveCfg = Debug|Any CPU
		{5EFF2DF4-131F-4137-ADEA-AECC75A49E29}.Debug|Any CPU.Build.0 = Debug|Any CPU
		{5EFF2DF4-131F-4137-ADEA-AECC75A49E29}.Debug|x64.ActiveCfg = Debug|Any CPU
		{5EFF2DF4-131F-4137-ADEA-AECC75A49E29}.Debug|x64.Build.0 = Debug|Any CPU
		{5EFF2DF4-131F-4137-ADEA-AECC75A49E29}.Debug|x86.ActiveCfg = Debug|Any CPU
		{5EFF2DF4-131F-4137-ADEA-AECC75A49E29}.Debug|x86.Build.0 = Debug|Any CPU
		{5EFF2DF4-131F-4137-ADEA-AECC75A49E29}.Release|Any CPU.ActiveCfg = Release|Any CPU
		{5EFF2DF4-131F-4137-ADEA-AECC75A49E29}.Release|Any CPU.Build.0 = Release|Any CPU
		{5EFF2DF4-131F-4137-ADEA-AECC75A49E29}.Release|x64.ActiveCfg = Release|Any CPU
		{5EFF2DF4-131F-4137-ADEA-AECC75A49E29}.Release|x64.Build.0 = Release|Any CPU
		{5EFF2DF4-131F-4137-ADEA-AECC75A49E29}.Release|x86.ActiveCfg = Release|Any CPU
		{5EFF2DF4-131F-4137-ADEA-AECC75A49E29}.Release|x86.Build.0 = Release|Any CPU
	EndGlobalSection
	GlobalSection(NestedProjects) = preSolution
		{57D1611D-10D1-4C27-BDAC-300D86075994} = {191D2EDB-E704-4296-AD28-63FA13373903}
		{A77FF271-93FC-421A-9542-943BE02AFC6D} = {191D2EDB-E704-4296-AD28-63FA13373903}
		{92889CFB-BBA1-4984-886A-501F34C66ABF} = {191D2EDB-E704-4296-AD28-63FA13373903}
		{EA901A43-A2AD-4905-A380-B43C08901747} = {191D2EDB-E704-4296-AD28-63FA13373903}
		{122CDF2D-8399-43C2-A64D-780DCFC3BD30} = {BD09FF6F-EABE-4844-AF61-3B01F89A62ED}
		{5EFF2DF4-131F-4137-ADEA-AECC75A49E29} = {BD09FF6F-EABE-4844-AF61-3B01F89A62ED}
	EndGlobalSection
EndGlobal
